
Microsoft Visual Studio Solution File, Format Version 12.00
# Visual Studio 14
VisualStudioVersion = 14.0.25420.1
MinimumVisualStudioVersion = 10.0.40219.1
Project("{8BC9CEB8-8B4A-11D0-8D11-00A0C91BC942}") = "XvaTestForPaper", "XvaTestForPaper\XvaTestForPaper.vcxproj", "{B6B5CEFE-187D-450D-BAFC-776C2BC0A94F}"
EndProject
Project("{8BC9CEB8-8B4A-11D0-8D11-00A0C91BC942}") = "UnitTestForXvaTestForPaper", "UnitTestForXvaTestForPaper\UnitTestForXvaTestForPaper.vcxproj", "{701ED109-D363-4CE0-8099-9E3C2B921F61}"
EndProject
Global
	GlobalSection(SolutionConfigurationPlatforms) = preSolution
		Debug|x64 = Debug|x64
		Debug|x86 = Debug|x86
		Release|x64 = Release|x64
		Release|x86 = Release|x86
	EndGlobalSection
	GlobalSection(ProjectConfigurationPlatforms) = postSolution
		{B6B5CEFE-187D-450D-BAFC-776C2BC0A94F}.Debug|x64.ActiveCfg = Debug|x64
		{B6B5CEFE-187D-450D-BAFC-776C2BC0A94F}.Debug|x64.Build.0 = Debug|x64
		{B6B5CEFE-187D-450D-BAFC-776C2BC0A94F}.Debug|x86.ActiveCfg = Debug|Win32
		{B6B5CEFE-187D-450D-BAFC-776C2BC0A94F}.Debug|x86.Build.0 = Debug|Win32
		{B6B5CEFE-187D-450D-BAFC-776C2BC0A94F}.Release|x64.ActiveCfg = Release|x64
		{B6B5CEFE-187D-450D-BAFC-776C2BC0A94F}.Release|x64.Build.0 = Release|x64
		{B6B5CEFE-187D-450D-BAFC-776C2BC0A94F}.Release|x86.ActiveCfg = Release|Win32
		{B6B5CEFE-187D-450D-BAFC-776C2BC0A94F}.Release|x86.Build.0 = Release|Win32
		{701ED109-D363-4CE0-8099-9E3C2B921F61}.Debug|x64.ActiveCfg = Debug|x64
		{701ED109-D363-4CE0-8099-9E3C2B921F61}.Debug|x64.Build.0 = Debug|x64
		{701ED109-D363-4CE0-8099-9E3C2B921F61}.Debug|x86.ActiveCfg = Debug|Win32
		{701ED109-D363-4CE0-8099-9E3C2B921F61}.Debug|x86.Build.0 = Debug|Win32
		{701ED109-D363-4CE0-8099-9E3C2B921F61}.Release|x64.ActiveCfg = Release|x64
		{701ED109-D363-4CE0-8099-9E3C2B921F61}.Release|x64.Build.0 = Release|x64
		{701ED109-D363-4CE0-8099-9E3C2B921F61}.Release|x86.ActiveCfg = Release|Win32
		{701ED109-D363-4CE0-8099-9E3C2B921F61}.Release|x86.Build.0 = Release|Win32
	EndGlobalSection
	GlobalSection(SolutionProperties) = preSolution
		HideSolutionNode = FALSE
	EndGlobalSection
EndGlobal
